# This file is automatically @generated by Poetry 1.7.1 and should not be changed by hand.

[[package]]
name = "avro"
version = "1.11.3"
description = "Avro is a serialization and RPC framework."
optional = false
python-versions = ">=3.6"
files = [
    {file = "avro-1.11.3.tar.gz", hash = "sha256:3393bb5139f9cf0791d205756ce1e39a5b58586af5b153d6a3b5a199610e9d17"},
]

[package.extras]
snappy = ["python-snappy"]
zstandard = ["zstandard"]

[metadata]
lock-version = "2.0"
python-versions = "^3.12"
content-hash = "d8aca3ffb265604029fe97fec30c3e6ced96c1ef88f1603ea23e198d3750a62f"
