# This file is automatically @generated by Poetry 1.7.1 and should not be changed by hand.

[[package]]
name = "avro"
version = "1.11.3"
description = "Avro is a serialization and RPC framework."
optional = false
python-versions = ">=3.6"
files = [
    {file = "avro-1.11.3.tar.gz", hash = "sha256:3393bb5139f9cf0791d205756ce1e39a5b58586af5b153d6a3b5a199610e9d17"},
]

[package.extras]
snappy = ["python-snappy"]
zstandard = ["zstandard"]

[[package]]
name = "fastavro"
version = "1.9.4"
description = "Fast read/write of AVRO files"
optional = false
python-versions = ">=3.8"
files = [
    {file = "fastavro-1.9.4-cp310-cp310-macosx_11_0_x86_64.whl", hash = "sha256:60cb38f07462a7fb4e4440ed0de67d3d400ae6b3d780f81327bebde9aa55faef"},
    {file = "fastavro-1.9.4-cp310-cp310-manylinux_2_17_aarch64.manylinux2014_aarch64.whl", hash = "sha256:063d01d197fc929c20adc09ca9f0ca86d33ac25ee0963ce0b438244eee8315ae"},
    {file = "fastavro-1.9.4-cp310-cp310-manylinux_2_17_x86_64.manylinux2014_x86_64.whl", hash = "sha256:87a9053fcfbc895f2a16a4303af22077e3a8fdcf1cd5d6ed47ff2ef22cbba2f0"},
    {file = "fastavro-1.9.4-cp310-cp310-musllinux_1_1_aarch64.whl", hash = "sha256:02bf1276b7326397314adf41b34a4890f6ffa59cf7e0eb20b9e4ab0a143a1598"},
    {file = "fastavro-1.9.4-cp310-cp310-musllinux_1_1_x86_64.whl", hash = "sha256:56bed9eca435389a8861e6e2d631ec7f8f5dda5b23f93517ac710665bd34ca29"},
    {file = "fastavro-1.9.4-cp310-cp310-win_amd64.whl", hash = "sha256:0cd2099c8c672b853e0b20c13e9b62a69d3fbf67ee7c59c7271ba5df1680310d"},
    {file = "fastavro-1.9.4-cp311-cp311-macosx_10_9_universal2.whl", hash = "sha256:af8c6d8c43a02b5569c093fc5467469541ac408c79c36a5b0900d3dd0b3ba838"},
    {file = "fastavro-1.9.4-cp311-cp311-manylinux_2_17_aarch64.manylinux2014_aarch64.whl", hash = "sha256:e4a138710bd61580324d23bc5e3df01f0b82aee0a76404d5dddae73d9e4c723f"},
    {file = "fastavro-1.9.4-cp311-cp311-manylinux_2_17_x86_64.manylinux2014_x86_64.whl", hash = "sha256:903d97418120ca6b6a7f38a731166c1ccc2c4344ee5e0470d09eb1dc3687540a"},
    {file = "fastavro-1.9.4-cp311-cp311-musllinux_1_1_aarch64.whl", hash = "sha256:c443eeb99899d062dbf78c525e4614dd77e041a7688fa2710c224f4033f193ae"},
    {file = "fastavro-1.9.4-cp311-cp311-musllinux_1_1_x86_64.whl", hash = "sha256:ac26ab0774d1b2b7af6d8f4300ad20bbc4b5469e658a02931ad13ce23635152f"},
    {file = "fastavro-1.9.4-cp311-cp311-win_amd64.whl", hash = "sha256:cf7247874c22be856ba7d1f46a0f6e0379a6025f1a48a7da640444cbac6f570b"},
    {file = "fastavro-1.9.4-cp312-cp312-macosx_10_9_universal2.whl", hash = "sha256:68912f2020e1b3d70557260b27dd85fb49a4fc6bfab18d384926127452c1da4c"},
    {file = "fastavro-1.9.4-cp312-cp312-manylinux_2_17_aarch64.manylinux2014_aarch64.whl", hash = "sha256:6925ce137cdd78e109abdb0bc33aad55de6c9f2d2d3036b65453128f2f5f5b92"},
    {file = "fastavro-1.9.4-cp312-cp312-manylinux_2_17_x86_64.manylinux2014_x86_64.whl", hash = "sha256:8b928cd294e36e35516d0deb9e104b45be922ba06940794260a4e5dbed6c192a"},
    {file = "fastavro-1.9.4-cp312-cp312-musllinux_1_1_aarch64.whl", hash = "sha256:90c9838bc4c991ffff5dd9d88a0cc0030f938b3fdf038cdf6babde144b920246"},
    {file = "fastavro-1.9.4-cp312-cp312-musllinux_1_1_x86_64.whl", hash = "sha256:eca6e54da571b06a3c5a72dbb7212073f56c92a6fbfbf847b91c347510f8a426"},
    {file = "fastavro-1.9.4-cp312-cp312-win_amd64.whl", hash = "sha256:a4b02839ac261100cefca2e2ad04cdfedc556cb66b5ec735e0db428e74b399de"},
    {file = "fastavro-1.9.4-cp38-cp38-macosx_11_0_x86_64.whl", hash = "sha256:4451ee9a305a73313a1558d471299f3130e4ecc10a88bf5742aa03fb37e042e6"},
    {file = "fastavro-1.9.4-cp38-cp38-manylinux_2_17_aarch64.manylinux2014_aarch64.whl", hash = "sha256:a8524fccfb379565568c045d29b2ebf71e1f2c0dd484aeda9fe784ef5febe1a8"},
    {file = "fastavro-1.9.4-cp38-cp38-manylinux_2_17_x86_64.manylinux2014_x86_64.whl", hash = "sha256:33d0a00a6e09baa20f6f038d7a2ddcb7eef0e7a9980e947a018300cb047091b8"},
    {file = "fastavro-1.9.4-cp38-cp38-musllinux_1_1_aarch64.whl", hash = "sha256:23d7e5b29c9bf6f26e8be754b2c8b919838e506f78ef724de7d22881696712fc"},
    {file = "fastavro-1.9.4-cp38-cp38-musllinux_1_1_x86_64.whl", hash = "sha256:2e6ab3ee53944326460edf1125b2ad5be2fadd80f7211b13c45fa0c503b4cf8d"},
    {file = "fastavro-1.9.4-cp38-cp38-win_amd64.whl", hash = "sha256:64d335ec2004204c501f8697c385d0a8f6b521ac82d5b30696f789ff5bc85f3c"},
    {file = "fastavro-1.9.4-cp39-cp39-macosx_11_0_x86_64.whl", hash = "sha256:7e05f44c493e89e73833bd3ff3790538726906d2856f59adc8103539f4a1b232"},
    {file = "fastavro-1.9.4-cp39-cp39-manylinux_2_17_aarch64.manylinux2014_aarch64.whl", hash = "sha256:253c63993250bff4ee7b11fb46cf3a4622180a783bedc82a24c6fdcd1b10ca2a"},
    {file = "fastavro-1.9.4-cp39-cp39-manylinux_2_17_x86_64.manylinux2014_x86_64.whl", hash = "sha256:24d6942eb1db14640c2581e0ecd1bbe0afc8a83731fcd3064ae7f429d7880cb7"},
    {file = "fastavro-1.9.4-cp39-cp39-musllinux_1_1_aarch64.whl", hash = "sha256:d47bb66be6091cd48cfe026adcad11c8b11d7d815a2949a1e4ccf03df981ca65"},
    {file = "fastavro-1.9.4-cp39-cp39-musllinux_1_1_x86_64.whl", hash = "sha256:c293897f12f910e58a1024f9c77f565aa8e23b36aafda6ad8e7041accc57a57f"},
    {file = "fastavro-1.9.4-cp39-cp39-win_amd64.whl", hash = "sha256:f05d2afcb10a92e2a9e580a3891f090589b3e567fdc5641f8a46a0b084f120c3"},
    {file = "fastavro-1.9.4.tar.gz", hash = "sha256:56b8363e360a1256c94562393dc7f8611f3baf2b3159f64fb2b9c6b87b14e876"},
]

[package.extras]
codecs = ["cramjam", "lz4", "zstandard"]
lz4 = ["lz4"]
snappy = ["cramjam"]
zstandard = ["zstandard"]

[metadata]
lock-version = "2.0"
python-versions = "^3.12"
content-hash = "c62ee6c3a900e03f4e7ced94ecbc4e447f15d9c837c50af6f7db0b6a0c97d4dd"
